// !$*UTF8*$!
{
	archiveVersion = 1;
	classes = {
	};
	objectVersion = 46;
	objects = {

/* Begin PBXBuildFile section */
		4C2AE5481D242B0500774640 /* AppDelegate.swift in Sources */ = {isa = PBXBuildFile; fileRef = 4C2AE5471D242B0500774640 /* AppDelegate.swift */; };
		4C2AE54A1D242B0500774640 /* ViewController.swift in Sources */ = {isa = PBXBuildFile; fileRef = 4C2AE5491D242B0500774640 /* ViewController.swift */; };
		4C2AE54D1D242B0500774640 /* Main.storyboard in Resources */ = {isa = PBXBuildFile; fileRef = 4C2AE54B1D242B0500774640 /* Main.storyboard */; };
		4C2AE54F1D242B0500774640 /* Assets.xcassets in Resources */ = {isa = PBXBuildFile; fileRef = 4C2AE54E1D242B0500774640 /* Assets.xcassets */; };
		4C2AE5521D242B0500774640 /* LaunchScreen.storyboard in Resources */ = {isa = PBXBuildFile; fileRef = 4C2AE5501D242B0500774640 /* LaunchScreen.storyboard */; };
		4C2AE55D1D242B0500774640 /* Bowling_Game_KataTests.swift in Sources */ = {isa = PBXBuildFile; fileRef = 4C2AE55C1D242B0500774640 /* Bowling_Game_KataTests.swift */; };
		4C2AE5681D2431A800774640 /* Game.swift in Sources */ = {isa = PBXBuildFile; fileRef = 4C2AE5671D2431A800774640 /* Game.swift */; };
/* End PBXBuildFile section */

/* Begin PBXContainerItemProxy section */
		4C2AE5591D242B0500774640 /* PBXContainerItemProxy */ = {
			isa = PBXContainerItemProxy;
			containerPortal = 4C2AE53C1D242B0500774640 /* Project object */;
			proxyType = 1;
			remoteGlobalIDString = 4C2AE5431D242B0500774640;
			remoteInfo = "Bowling Game Kata";
		};
/* End PBXContainerItemProxy section */

/* Begin PBXFileReference section */
		4C2AE5441D242B0500774640 /* Bowling Game Kata.app */ = {isa = PBXFileReference; explicitFileType = wrapper.application; includeInIndex = 0; path = "Bowling Game Kata.app"; sourceTree = BUILT_PRODUCTS_DIR; };
		4C2AE5471D242B0500774640 /* AppDelegate.swift */ = {isa = PBXFileReference; lastKnownFileType = sourcecode.swift; path = AppDelegate.swift; sourceTree = "<group>"; };
		4C2AE5491D242B0500774640 /* ViewController.swift */ = {isa = PBXFileReference; lastKnownFileType = sourcecode.swift; path = ViewController.swift; sourceTree = "<group>"; };
		4C2AE54C1D242B0500774640 /* Base */ = {isa = PBXFileReference; lastKnownFileType = file.storyboard; name = Base; path = Base.lproj/Main.storyboard; sourceTree = "<group>"; };
		4C2AE54E1D242B0500774640 /* Assets.xcassets */ = {isa = PBXFileReference; lastKnownFileType = folder.assetcatalog; path = Assets.xcassets; sourceTree = "<group>"; };
		4C2AE5511D242B0500774640 /* Base */ = {isa = PBXFileReference; lastKnownFileType = file.storyboard; name = Base; path = Base.lproj/LaunchScreen.storyboard; sourceTree = "<group>"; };
		4C2AE5531D242B0500774640 /* Info.plist */ = {isa = PBXFileReference; lastKnownFileType = text.plist.xml; path = Info.plist; sourceTree = "<group>"; };
		4C2AE5581D242B0500774640 /* Bowling Game KataTests.xctest */ = {isa = PBXFileReference; explicitFileType = wrapper.cfbundle; includeInIndex = 0; path = "Bowling Game KataTests.xctest"; sourceTree = BUILT_PRODUCTS_DIR; };
		4C2AE55C1D242B0500774640 /* Bowling_Game_KataTests.swift */ = {isa = PBXFileReference; lastKnownFileType = sourcecode.swift; path = Bowling_Game_KataTests.swift; sourceTree = "<group>"; };
		4C2AE55E1D242B0500774640 /* Info.plist */ = {isa = PBXFileReference; lastKnownFileType = text.plist.xml; path = Info.plist; sourceTree = "<group>"; };
		4C2AE5671D2431A800774640 /* Game.swift */ = {isa = PBXFileReference; fileEncoding = 4; lastKnownFileType = sourcecode.swift; path = Game.swift; sourceTree = "<group>"; };
/* End PBXFileReference section */

/* Begin PBXFrameworksBuildPhase section */
		4C2AE5411D242B0500774640 /* Frameworks */ = {
			isa = PBXFrameworksBuildPhase;
			buildActionMask = 2147483647;
			files = (
			);
			runOnlyForDeploymentPostprocessing = 0;
		};
		4C2AE5551D242B0500774640 /* Frameworks */ = {
			isa = PBXFrameworksBuildPhase;
			buildActionMask = 2147483647;
			files = (
			);
			runOnlyForDeploymentPostprocessing = 0;
		};
/* End PBXFrameworksBuildPhase section */

/* Begin PBXGroup section */
		4C2AE53B1D242B0500774640 = {
			isa = PBXGroup;
			children = (
				4C2AE5461D242B0500774640 /* Bowling Game Kata */,
				4C2AE55B1D242B0500774640 /* Bowling Game KataTests */,
				4C2AE5451D242B0500774640 /* Products */,
			);
			sourceTree = "<group>";
		};
		4C2AE5451D242B0500774640 /* Products */ = {
			isa = PBXGroup;
			children = (
				4C2AE5441D242B0500774640 /* Bowling Game Kata.app */,
				4C2AE5581D242B0500774640 /* Bowling Game KataTests.xctest */,
			);
			name = Products;
			sourceTree = "<group>";
		};
		4C2AE5461D242B0500774640 /* Bowling Game Kata */ = {
			isa = PBXGroup;
			children = (
				4C2AE5471D242B0500774640 /* AppDelegate.swift */,
				4C2AE5491D242B0500774640 /* ViewController.swift */,
				4C2AE54B1D242B0500774640 /* Main.storyboard */,
				4C2AE54E1D242B0500774640 /* Assets.xcassets */,
				4C2AE5501D242B0500774640 /* LaunchScreen.storyboard */,
				4C2AE5531D242B0500774640 /* Info.plist */,
				4C2AE5671D2431A800774640 /* Game.swift */,
			);
			path = "Bowling Game Kata";
			sourceTree = "<group>";
		};
		4C2AE55B1D242B0500774640 /* Bowling Game KataTests */ = {
			isa = PBXGroup;
			children = (
				4C2AE55C1D242B0500774640 /* Bowling_Game_KataTests.swift */,
				4C2AE55E1D242B0500774640 /* Info.plist */,
			);
			path = "Bowling Game KataTests";
			sourceTree = "<group>";
		};
/* End PBXGroup section */

/* Begin PBXNativeTarget section */
		4C2AE5431D242B0500774640 /* Bowling Game Kata */ = {
			isa = PBXNativeTarget;
			buildConfigurationList = 4C2AE5611D242B0500774640 /* Build configuration list for PBXNativeTarget "Bowling Game Kata" */;
			buildPhases = (
				4C2AE5401D242B0500774640 /* Sources */,
				4C2AE5411D242B0500774640 /* Frameworks */,
				4C2AE5421D242B0500774640 /* Resources */,
			);
			buildRules = (
			);
			dependencies = (
			);
			name = "Bowling Game Kata";
			productName = "Bowling Game Kata";
			productReference = 4C2AE5441D242B0500774640 /* Bowling Game Kata.app */;
			productType = "com.apple.product-type.application";
		};
		4C2AE5571D242B0500774640 /* Bowling Game KataTests */ = {
			isa = PBXNativeTarget;
			buildConfigurationList = 4C2AE5641D242B0500774640 /* Build configuration list for PBXNativeTarget "Bowling Game KataTests" */;
			buildPhases = (
				4C2AE5541D242B0500774640 /* Sources */,
				4C2AE5551D242B0500774640 /* Frameworks */,
				4C2AE5561D242B0500774640 /* Resources */,
			);
			buildRules = (
			);
			dependencies = (
				4C2AE55A1D242B0500774640 /* PBXTargetDependency */,
			);
			name = "Bowling Game KataTests";
			productName = "Bowling Game KataTests";
			productReference = 4C2AE5581D242B0500774640 /* Bowling Game KataTests.xctest */;
			productType = "com.apple.product-type.bundle.unit-test";
		};
/* End PBXNativeTarget section */

/* Begin PBXProject section */
		4C2AE53C1D242B0500774640 /* Project object */ = {
			isa = PBXProject;
			attributes = {
				LastSwiftUpdateCheck = 0800;
				LastUpgradeCheck = 0800;
				ORGANIZATIONNAME = "Michael Borgmann";
				TargetAttributes = {
					4C2AE5431D242B0500774640 = {
						CreatedOnToolsVersion = 8.0;
						DevelopmentTeam = FNBTP68MJQ;
						DevelopmentTeamName = "Michael Borgmann (Personal Team)";
						ProvisioningStyle = Automatic;
					};
					4C2AE5571D242B0500774640 = {
						CreatedOnToolsVersion = 8.0;
						DevelopmentTeam = FNBTP68MJQ;
						DevelopmentTeamName = "Michael Borgmann (Personal Team)";
						ProvisioningStyle = Automatic;
						TestTargetID = 4C2AE5431D242B0500774640;
					};
				};
			};
			buildConfigurationList = 4C2AE53F1D242B0500774640 /* Build configuration list for PBXProject "Bowling Game Kata" */;
			compatibilityVersion = "Xcode 3.2";
			developmentRegion = English;
			hasScannedForEncodings = 0;
			knownRegions = (
				en,
				Base,
			);
			mainGroup = 4C2AE53B1D242B0500774640;
			productRefGroup = 4C2AE5451D242B0500774640 /* Products */;
			projectDirPath = "";
			projectRoot = "";
			targets = (
				4C2AE5431D242B0500774640 /* Bowling Game Kata */,
				4C2AE5571D242B0500774640 /* Bowling Game KataTests */,
			);
		};
/* End PBXProject section */

/* Begin PBXResourcesBuildPhase section */
		4C2AE5421D242B0500774640 /* Resources */ = {
			isa = PBXResourcesBuildPhase;
			buildActionMask = 2147483647;
			files = (
				4C2AE5521D242B0500774640 /* LaunchScreen.storyboard in Resources */,
				4C2AE54F1D242B0500774640 /* Assets.xcassets in Resources */,
				4C2AE54D1D242B0500774640 /* Main.storyboard in Resources */,
			);
			runOnlyForDeploymentPostprocessing = 0;
		};
		4C2AE5561D242B0500774640 /* Resources */ = {
			isa = PBXResourcesBuildPhase;
			buildActionMask = 2147483647;
			files = (
			);
			runOnlyForDeploymentPostprocessing = 0;
		};
/* End PBXResourcesBuildPhase section */

/* Begin PBXSourcesBuildPhase section */
		4C2AE5401D242B0500774640 /* Sources */ = {
			isa = PBXSourcesBuildPhase;
			buildActionMask = 2147483647;
			files = (
				4C2AE54A1D242B0500774640 /* ViewController.swift in Sources */,
				4C2AE5681D2431A800774640 /* Game.swift in Sources */,
				4C2AE5481D242B0500774640 /* AppDelegate.swift in Sources */,
			);
			runOnlyForDeploymentPostprocessing = 0;
		};
		4C2AE5541D242B0500774640 /* Sources */ = {
			isa = PBXSourcesBuildPhase;
			buildActionMask = 2147483647;
			files = (
				4C2AE55D1D242B0500774640 /* Bowling_Game_KataTests.swift in Sources */,
			);
			runOnlyForDeploymentPostprocessing = 0;
		};
/* End PBXSourcesBuildPhase section */

/* Begin PBXTargetDependency section */
		4C2AE55A1D242B0500774640 /* PBXTargetDependency */ = {
			isa = PBXTargetDependency;
			target = 4C2AE5431D242B0500774640 /* Bowling Game Kata */;
			targetProxy = 4C2AE5591D242B0500774640 /* PBXContainerItemProxy */;
		};
/* End PBXTargetDependency section */

/* Begin PBXVariantGroup section */
		4C2AE54B1D242B0500774640 /* Main.storyboard */ = {
			isa = PBXVariantGroup;
			children = (
				4C2AE54C1D242B0500774640 /* Base */,
			);
			name = Main.storyboard;
			sourceTree = "<group>";
		};
		4C2AE5501D242B0500774640 /* LaunchScreen.storyboard */ = {
			isa = PBXVariantGroup;
			children = (
				4C2AE5511D242B0500774640 /* Base */,
			);
			name = LaunchScreen.storyboard;
			sourceTree = "<group>";
		};
/* End PBXVariantGroup section */

/* Begin XCBuildConfiguration section */
		4C2AE55F1D242B0500774640 /* Debug */ = {
			isa = XCBuildConfiguration;
			buildSettings = {
				ALWAYS_SEARCH_USER_PATHS = NO;
				CLANG_ANALYZER_NONNULL = YES;
				CLANG_CXX_LANGUAGE_STANDARD = "gnu++0x";
				CLANG_CXX_LIBRARY = "libc++";
				CLANG_ENABLE_MODULES = YES;
				CLANG_ENABLE_OBJC_ARC = YES;
				CLANG_WARN_BOOL_CONVERSION = YES;
				CLANG_WARN_CONSTANT_CONVERSION = YES;
				CLANG_WARN_DIRECT_OBJC_ISA_USAGE = YES_ERROR;
				CLANG_WARN_DOCUMENTATION_COMMENTS = YES;
				CLANG_WARN_EMPTY_BODY = YES;
				CLANG_WARN_ENUM_CONVERSION = YES;
				CLANG_WARN_INT_CONVERSION = YES;
				CLANG_WARN_OBJC_ROOT_CLASS = YES_ERROR;
				CLANG_WARN_UNREACHABLE_CODE = YES;
				CLANG_WARN__DUPLICATE_METHOD_MATCH = YES;
				"CODE_SIGN_IDENTITY[sdk=iphoneos*]" = "iPhone Developer";
				COPY_PHASE_STRIP = NO;
				DEBUG_INFORMATION_FORMAT = dwarf;
				ENABLE_STRICT_OBJC_MSGSEND = YES;
				ENABLE_TESTABILITY = YES;
				GCC_C_LANGUAGE_STANDARD = gnu99;
				GCC_DYNAMIC_NO_PIC = NO;
				GCC_NO_COMMON_BLOCKS = YES;
				GCC_OPTIMIZATION_LEVEL = 0;
				GCC_PREPROCESSOR_DEFINITIONS = (
					"DEBUG=1",
					"$(inherited)",
				);
				GCC_WARN_64_TO_32_BIT_CONVERSION = YES;
				GCC_WARN_ABOUT_RETURN_TYPE = YES_ERROR;
				GCC_WARN_UNDECLARED_SELECTOR = YES;
				GCC_WARN_UNINITIALIZED_AUTOS = YES_AGGRESSIVE;
				GCC_WARN_UNUSED_FUNCTION = YES;
				GCC_WARN_UNUSED_VARIABLE = YES;
				IPHONEOS_DEPLOYMENT_TARGET = 10.0;
				MTL_ENABLE_DEBUG_INFO = YES;
				ONLY_ACTIVE_ARCH = YES;
				SDKROOT = iphoneos;
				SWIFT_ACTIVE_COMPILATION_CONDITIONS = DEBUG;
				SWIFT_OPTIMIZATION_LEVEL = "-Onone";
				TARGETED_DEVICE_FAMILY = "1,2";
			};
			name = Debug;
		};
		4C2AE5601D242B0500774640 /* Release */ = {
			isa = XCBuildConfiguration;
			buildSettings = {
				ALWAYS_SEARCH_USER_PATHS = NO;
				CLANG_ANALYZER_NONNULL = YES;
				CLANG_CXX_LANGUAGE_STANDARD = "gnu++0x";
				CLANG_CXX_LIBRARY = "libc++";
				CLANG_ENABLE_MODULES = YES;
				CLANG_ENABLE_OBJC_ARC = YES;
				CLANG_WARN_BOOL_CONVERSION = YES;
				CLANG_WARN_CONSTANT_CONVERSION = YES;
				CLANG_WARN_DIRECT_OBJC_ISA_USAGE = YES_ERROR;
				CLANG_WARN_DOCUMENTATION_COMMENTS = YES;
				CLANG_WARN_EMPTY_BODY = YES;
				CLANG_WARN_ENUM_CONVERSION = YES;
				CLANG_WARN_INT_CONVERSION = YES;
				CLANG_WARN_OBJC_ROOT_CLASS = YES_ERROR;
				CLANG_WARN_UNREACHABLE_CODE = YES;
				CLANG_WARN__DUPLICATE_METHOD_MATCH = YES;
				"CODE_SIGN_IDENTITY[sdk=iphoneos*]" = "iPhone Developer";
				COPY_PHASE_STRIP = NO;
				DEBUG_INFORMATION_FORMAT = "dwarf-with-dsym";
				ENABLE_NS_ASSERTIONS = NO;
				ENABLE_STRICT_OBJC_MSGSEND = YES;
				GCC_C_LANGUAGE_STANDARD = gnu99;
				GCC_NO_COMMON_BLOCKS = YES;
				GCC_WARN_64_TO_32_BIT_CONVERSION = YES;
				GCC_WARN_ABOUT_RETURN_TYPE = YES_ERROR;
				GCC_WARN_UNDECLARED_SELECTOR = YES;
				GCC_WARN_UNINITIALIZED_AUTOS = YES_AGGRESSIVE;
				GCC_WARN_UNUSED_FUNCTION = YES;
				GCC_WARN_UNUSED_VARIABLE = YES;
				IPHONEOS_DEPLOYMENT_TARGET = 10.0;
				MTL_ENABLE_DEBUG_INFO = NO;
				SDKROOT = iphoneos;
				SWIFT_OPTIMIZATION_LEVEL = "-Owholemodule";
				TARGETED_DEVICE_FAMILY = "1,2";
				VALIDATE_PRODUCT = YES;
			};
			name = Release;
		};
		4C2AE5621D242B0500774640 /* Debug */ = {
			isa = XCBuildConfiguration;
			buildSettings = {
				ASSETCATALOG_COMPILER_APPICON_NAME = AppIcon;
				CODE_SIGN_IDENTITY = "iPhone Developer";
				INFOPLIST_FILE = "Bowling Game Kata/Info.plist";
				LD_RUNPATH_SEARCH_PATHS = "$(inherited) @executable_path/Frameworks";
				PRODUCT_BUNDLE_IDENTIFIER = "com.michaelborgmann.Bowling-Game-Kata";
				PRODUCT_NAME = "$(TARGET_NAME)";
				SWIFT_VERSION = 3.0;
			};
			name = Debug;
		};
		4C2AE5631D242B0500774640 /* Release */ = {
			isa = XCBuildConfiguration;
			buildSettings = {
				ASSETCATALOG_COMPILER_APPICON_NAME = AppIcon;
				CODE_SIGN_IDENTITY = "iPhone Developer";
				INFOPLIST_FILE = "Bowling Game Kata/Info.plist";
				LD_RUNPATH_SEARCH_PATHS = "$(inherited) @executable_path/Frameworks";
				PRODUCT_BUNDLE_IDENTIFIER = "com.michaelborgmann.Bowling-Game-Kata";
				PRODUCT_NAME = "$(TARGET_NAME)";
				SWIFT_VERSION = 3.0;
			};
			name = Release;
		};
		4C2AE5651D242B0500774640 /* Debug */ = {
			isa = XCBuildConfiguration;
			buildSettings = {
				BUNDLE_LOADER = "$(TEST_HOST)";
				INFOPLIST_FILE = "Bowling Game KataTests/Info.plist";
				LD_RUNPATH_SEARCH_PATHS = "$(inherited) @executable_path/Frameworks @loader_path/Frameworks";
				PRODUCT_BUNDLE_IDENTIFIER = "com.michaelborgmann.Bowling-Game-KataTests";
				PRODUCT_NAME = "$(TARGET_NAME)";
				SWIFT_VERSION = 3.0;
				TEST_HOST = "$(BUILT_PRODUCTS_DIR)/Bowling Game Kata.app/Bowling Game Kata";
			};
			name = Debug;
		};
		4C2AE5661D242B0500774640 /* Release */ = {
			isa = XCBuildConfiguration;
			buildSettings = {
				BUNDLE_LOADER = "$(TEST_HOST)";
				INFOPLIST_FILE = "Bowling Game KataTests/Info.plist";
				LD_RUNPATH_SEARCH_PATHS = "$(inherited) @executable_path/Frameworks @loader_path/Frameworks";
				PRODUCT_BUNDLE_IDENTIFIER = "com.michaelborgmann.Bowling-Game-KataTests";
				PRODUCT_NAME = "$(TARGET_NAME)";
				SWIFT_VERSION = 3.0;
				TEST_HOST = "$(BUILT_PRODUCTS_DIR)/Bowling Game Kata.app/Bowling Game Kata";
			};
			name = Release;
		};
/* End XCBuildConfiguration section */

/* Begin XCConfigurationList section */
		4C2AE53F1D242B0500774640 /* Build configuration list for PBXProject "Bowling Game Kata" */ = {
			isa = XCConfigurationList;
			buildConfigurations = (
				4C2AE55F1D242B0500774640 /* Debug */,
				4C2AE5601D242B0500774640 /* Release */,
			);
			defaultConfigurationIsVisible = 0;
			defaultConfigurationName = Release;
		};
		4C2AE5611D242B0500774640 /* Build configuration list for PBXNativeTarget "Bowling Game Kata" */ = {
			isa = XCConfigurationList;
			buildConfigurations = (
				4C2AE5621D242B0500774640 /* Debug */,
				4C2AE5631D242B0500774640 /* Release */,
			);
			defaultConfigurationIsVisible = 0;
			defaultConfigurationName = Release;
		};
		4C2AE5641D242B0500774640 /* Build configuration list for PBXNativeTarget "Bowling Game KataTests" */ = {
			isa = XCConfigurationList;
			buildConfigurations = (
				4C2AE5651D242B0500774640 /* Debug */,
				4C2AE5661D242B0500774640 /* Release */,
			);
			defaultConfigurationIsVisible = 0;
			defaultConfigurationName = Release;
		};
/* End XCConfigurationList section */
	};
	rootObject = 4C2AE53C1D242B0500774640 /* Project object */;
}
